
Microsoft Visual Studio Solution File, Format Version 12.00
# Visual Studio Version 16
VisualStudioVersion = 16.0.31009.304
MinimumVisualStudioVersion = 10.0.40219.1
Project("{FAE04EC0-301F-11D3-BF4B-00C04F79EFBC}") = "b", "b\b.csproj", "{DE3F5BD3-48F4-42DF-B6F0-D43374DC8D55}"
EndProject
Global
	GlobalSection(SolutionConfigurationPlatforms) = preSolution
		Debug|Any CPU = Debug|Any CPU
		Release|Any CPU = Release|Any CPU
	EndGlobalSection
	GlobalSection(ProjectConfigurationPlatforms) = postSolution
		{DE3F5BD3-48F4-42DF-B6F0-D43374DC8D55}.Debug|Any CPU.ActiveCfg = Debug|Any CPU
		{DE3F5BD3-48F4-42DF-B6F0-D43374DC8D55}.Debug|Any CPU.Build.0 = Debug|Any CPU
		{DE3F5BD3-48F4-42DF-B6F0-D43374DC8D55}.Release|Any CPU.ActiveCfg = Release|Any CPU
		{DE3F5BD3-48F4-42DF-B6F0-D43374DC8D55}.Release|Any CPU.Build.0 = Release|Any CPU
	EndGlobalSection
	GlobalSection(SolutionProperties) = preSolution
		HideSolutionNode = FALSE
	EndGlobalSection
	GlobalSection(ExtensibilityGlobals) = postSolution
		SolutionGuid = {88606C05-3611-4FB6-9E84-B38B60C87F09}
	EndGlobalSection
EndGlobal
